{
  "nodes": {
    "ninjaone": {
      "inputs": {
        "nixpkgs": "nixpkgs"
      },
      "locked": {
        "lastModified": 1777914103,
        "narHash": "sha256-74bp8ZZWEBIEbj/8LN637AChyOrjbvh39TIn85aRlTQ=",
        "owner": "4thehalibit",
        "repo": "ninjaone-nixos",
        "rev": "d64c643d52bc992e4e6ec08eb1e9dc9f9986f46a",
        "type": "github"
      },
      "original": {
        "owner": "4thehalibit",
        "repo": "ninjaone-nixos",
        "type": "github"
      }
    },
    "nixpkgs": {
      "locked": {
        "lastModified": 1777913215,
        "narHash": "sha256-ladSjjs01ZPJiKXciXNk254SvmG3AN0iKC5Uh1kK1gI=",
        "owner": "nixos",
        "repo": "nixpkgs",
        "rev": "fc18e5935727154cf60925b96b682d73217daec4",
        "type": "github"
      },
      "original": {
        "owner": "nixos",
        "ref": "master",
        "repo": "nixpkgs",
        "type": "github"
      }
    },
    "nixpkgs_2": {
      "locked": {
        "lastModified": 1777664919,
        "narHash": "sha256-bVkUEPMpfWfBV0qXkWbdVtfgM+e9CF/z61IufwvmQXc=",
        "owner": "nixos",
        "repo": "nixpkgs",
        "rev": "0ce6ccb30fce33e82295f7462d3894f791230dfd",
        "type": "github"
      },
      "original": {
        "owner": "nixos",
        "ref": "master",
        "repo": "nixpkgs",
        "type": "github"
      }
    },
    "root": {
      "inputs": {
        "ninjaone": "ninjaone",
        "nixpkgs": "nixpkgs_2"
      }
    }
  },
  "root": "root",
  "version": 7
}
